
Microsoft Visual Studio Solution File, Format Version 12.00
# Visual Studio Version 17
VisualStudioVersion = 17.4.33213.308
MinimumVisualStudioVersion = 10.0.40219.1
Project("{F184B08F-C81C-45F6-A57F-5ABD9991F28F}") = "216Proj", "216Proj.vbproj", "{9454DE9E-EB0A-46BF-ACEE-E36111318919}"
EndProject
Global
	GlobalSection(SolutionConfigurationPlatforms) = preSolution
		Debug|Any CPU = Debug|Any CPU
		Release|Any CPU = Release|Any CPU
	EndGlobalSection
	GlobalSection(ProjectConfigurationPlatforms) = postSolution
		{9454DE9E-EB0A-46BF-ACEE-E36111318919}.Debug|Any CPU.ActiveCfg = Debug|Any CPU
		{9454DE9E-EB0A-46BF-ACEE-E36111318919}.Debug|Any CPU.Build.0 = Debug|Any CPU
		{9454DE9E-EB0A-46BF-ACEE-E36111318919}.Release|Any CPU.ActiveCfg = Release|Any CPU
		{9454DE9E-EB0A-46BF-ACEE-E36111318919}.Release|Any CPU.Build.0 = Release|Any CPU
	EndGlobalSection
	GlobalSection(SolutionProperties) = preSolution
		HideSolutionNode = FALSE
	EndGlobalSection
	GlobalSection(ExtensibilityGlobals) = postSolution
		SolutionGuid = {D66DD404-8438-4A68-9080-CC232329EB8A}
	EndGlobalSection
EndGlobal
